lockfileVersion: '9.0'

settings:
  autoInstallPeers: true
  excludeLinksFromLockfile: false

importers:

  .:
    dependencies:
      '@stripe/stripe-js':
        specifier: ^9.2.0
        version: 9.2.0

packages:

  '@stripe/stripe-js@9.2.0':
    resolution: {integrity: sha512-YSzLC0t6VS9MDdPTynSMqU8IxrItFUjkDORALFT6sSMR/XZ5Vgm3RDp/Gk7z727MC4A9s4MFVel0gF0c7+kdrg==}
    engines: {node: '>=12.16'}

snapshots:

  '@stripe/stripe-js@9.2.0': {}
